{
  "version": 4,
  "terraform_version": "1.7.2",
  "serial": 54,
  "lineage": "1f5b62f1-1a78-b0e2-ea60-3678d6908c0d",
  "outputs": {},
  "resources": [
    {
      "mode": "data",
      "type": "aws_caller_identity",
      "name": "current",
      "provider": "provider[\"registry.terraform.io/hashicorp/aws\"]",
      "instances": [
        {
          "schema_version": 0,
          "attributes": {
            "account_id": "000000000000",
            "arn": "arn:aws:iam::000000000000:root",
            "id": "000000000000",
            "user_id": "AKIAIOSFODNN7EXAMPLE"
          },
          "sensitive_attributes": []
        }
      ]
    },
    {
      "mode": "data",
      "type": "aws_iam_policy_document",
      "name": "sns-topic-policy",
      "provider": "provider[\"registry.terraform.io/hashicorp/aws\"]",
      "instances": [
        {
          "schema_version": 0,
          "attributes": {
            "id": "1851818570",
            "json": "{\n  \"Version\": \"2012-10-17\",\n  \"Statement\": [\n    {\n      \"Sid\": \"sid-101\",\n      \"Effect\": \"Allow\",\n      \"Action\": [\n        \"SNS:Subscribe\",\n        \"SNS:Receive\"\n      ],\n      \"Resource\": \"arn:aws:sns:sa-east-1:000000000000:sns-receive-env-dev\",\n      \"Principal\": {\n        \"AWS\": \"*\"\n      },\n      \"Condition\": {\n        \"StringLike\": {\n          \"SNS:Endpoint\": [\n            \"arn:aws:sqs:sa-east-1:000000000000:sqs-errors-env-dev\",\n            \"arn:aws:sqs:sa-east-1:000000000000:sqs-alerts-env-dev\"\n          ]\n        }\n      }\n    }\n  ]\n}",
            "override_policy_documents": null,
            "policy_id": null,
            "source_policy_documents": null,
            "statement": [
              {
                "actions": [
                  "SNS:Receive",
                  "SNS:Subscribe"
                ],
                "condition": [
                  {
                    "test": "StringLike",
                    "values": [
                      "arn:aws:sqs:sa-east-1:000000000000:sqs-errors-env-dev",
                      "arn:aws:sqs:sa-east-1:000000000000:sqs-alerts-env-dev"
                    ],
                    "variable": "SNS:Endpoint"
                  }
                ],
                "effect": "Allow",
                "not_actions": [],
                "not_principals": [],
                "not_resources": [],
                "principals": [
                  {
                    "identifiers": [
                      "*"
                    ],
                    "type": "AWS"
                  }
                ],
                "resources": [
                  "arn:aws:sns:sa-east-1:000000000000:sns-receive-env-dev"
                ],
                "sid": "sid-101"
              }
            ],
            "version": "2012-10-17"
          },
          "sensitive_attributes": []
        }
      ]
    },
    {
      "mode": "data",
      "type": "aws_iam_policy_document",
      "name": "sqs-alerts-policy",
      "provider": "provider[\"registry.terraform.io/hashicorp/aws\"]",
      "instances": [
        {
          "schema_version": 0,
          "attributes": {
            "id": "2480609744",
            "json": "{\n  \"Version\": \"2012-10-17\",\n  \"Id\": \"arn:aws:sqs:sa-east-1:000000000000:sqs-alerts-env-dev/SQSDefaultPolicy\",\n  \"Statement\": [\n    {\n      \"Sid\": \"example-sns-topic\",\n      \"Effect\": \"Allow\",\n      \"Action\": \"SQS:SendMessage\",\n      \"Resource\": \"arn:aws:sqs:sa-east-1:000000000000:sqs-alerts-env-dev\",\n      \"Principal\": {\n        \"AWS\": \"*\"\n      },\n      \"Condition\": {\n        \"ArnEquals\": {\n          \"aws:SourceArn\": \"arn:aws:sns:sa-east-1:000000000000:sns-receive-env-dev\"\n        }\n      }\n    }\n  ]\n}",
            "override_policy_documents": null,
            "policy_id": "arn:aws:sqs:sa-east-1:000000000000:sqs-alerts-env-dev/SQSDefaultPolicy",
            "source_policy_documents": null,
            "statement": [
              {
                "actions": [
                  "SQS:SendMessage"
                ],
                "condition": [
                  {
                    "test": "ArnEquals",
                    "values": [
                      "arn:aws:sns:sa-east-1:000000000000:sns-receive-env-dev"
                    ],
                    "variable": "aws:SourceArn"
                  }
                ],
                "effect": "Allow",
                "not_actions": [],
                "not_principals": [],
                "not_resources": [],
                "principals": [
                  {
                    "identifiers": [
                      "*"
                    ],
                    "type": "AWS"
                  }
                ],
                "resources": [
                  "arn:aws:sqs:sa-east-1:000000000000:sqs-alerts-env-dev"
                ],
                "sid": "example-sns-topic"
              }
            ],
            "version": "2012-10-17"
          },
          "sensitive_attributes": []
        }
      ]
    },
    {
      "mode": "data",
      "type": "aws_iam_policy_document",
      "name": "sqs-errors-policy",
      "provider": "provider[\"registry.terraform.io/hashicorp/aws\"]",
      "instances": [
        {
          "schema_version": 0,
          "attributes": {
            "id": "3480730604",
            "json": "{\n  \"Version\": \"2012-10-17\",\n  \"Id\": \"arn:aws:sqs:sa-east-1:000000000000:sqs-errors-env-dev/SQSDefaultPolicy\",\n  \"Statement\": [\n    {\n      \"Sid\": \"example-sns-topic\",\n      \"Effect\": \"Allow\",\n      \"Action\": \"SQS:SendMessage\",\n      \"Resource\": \"arn:aws:sqs:sa-east-1:000000000000:sqs-errors-env-dev\",\n      \"Principal\": {\n        \"AWS\": \"*\"\n      },\n      \"Condition\": {\n        \"ArnEquals\": {\n          \"aws:SourceArn\": \"arn:aws:sns:sa-east-1:000000000000:sns-receive-env-dev\"\n        }\n      }\n    }\n  ]\n}",
            "override_policy_documents": null,
            "policy_id": "arn:aws:sqs:sa-east-1:000000000000:sqs-errors-env-dev/SQSDefaultPolicy",
            "source_policy_documents": null,
            "statement": [
              {
                "actions": [
                  "SQS:SendMessage"
                ],
                "condition": [
                  {
                    "test": "ArnEquals",
                    "values": [
                      "arn:aws:sns:sa-east-1:000000000000:sns-receive-env-dev"
                    ],
                    "variable": "aws:SourceArn"
                  }
                ],
                "effect": "Allow",
                "not_actions": [],
                "not_principals": [],
                "not_resources": [],
                "principals": [
                  {
                    "identifiers": [
                      "*"
                    ],
                    "type": "AWS"
                  }
                ],
                "resources": [
                  "arn:aws:sqs:sa-east-1:000000000000:sqs-errors-env-dev"
                ],
                "sid": "example-sns-topic"
              }
            ],
            "version": "2012-10-17"
          },
          "sensitive_attributes": []
        }
      ]
    },
    {
      "mode": "managed",
      "type": "aws_kms_key",
      "name": "kms_key",
      "provider": "provider[\"registry.terraform.io/hashicorp/aws\"]",
      "instances": [
        {
          "schema_version": 0,
          "attributes": {
            "arn": "arn:aws:kms:sa-east-1:000000000000:key/f20be437-fc47-442d-8afe-c8951e1ff96e",
            "bypass_policy_lockout_safety_check": false,
            "custom_key_store_id": "",
            "customer_master_key_spec": "SYMMETRIC_DEFAULT",
            "deletion_window_in_days": 10,
            "description": "Chave KMS para criptografar as mensagens do SNS e do SQS",
            "enable_key_rotation": false,
            "id": "f20be437-fc47-442d-8afe-c8951e1ff96e",
            "is_enabled": true,
            "key_id": "f20be437-fc47-442d-8afe-c8951e1ff96e",
            "key_usage": "ENCRYPT_DECRYPT",
            "multi_region": false,
            "policy": "{\"Id\":\"key-default-1\",\"Statement\":[{\"Action\":\"kms:*\",\"Effect\":\"Allow\",\"Principal\":{\"AWS\":\"arn:aws:iam::000000000000:root\"},\"Resource\":\"*\",\"Sid\":\"Enable IAM User Permissions\"}],\"Version\":\"2012-10-17\"}",
            "tags": {},
            "tags_all": {},
            "timeouts": null,
            "xks_key_id": ""
          },
          "sensitive_attributes": [],
          "private": "eyJlMmJmYjczMC1lY2FhLTExZTYtOGY4OC0zNDM2M2JjN2M0YzAiOnsiY3JlYXRlIjoxMjAwMDAwMDAwMDB9fQ=="
        }
      ]
    },
    {
      "mode": "managed",
      "type": "aws_sns_topic",
      "name": "sns_topic",
      "provider": "provider[\"registry.terraform.io/hashicorp/aws\"]",
      "instances": [
        {
          "schema_version": 0,
          "attributes": {
            "application_failure_feedback_role_arn": "",
            "application_success_feedback_role_arn": "",
            "application_success_feedback_sample_rate": 0,
            "archive_policy": "",
            "arn": "arn:aws:sns:sa-east-1:000000000000:sns-receive-env-dev",
            "beginning_archive_time": "",
            "content_based_deduplication": false,
            "delivery_policy": "",
            "display_name": "",
            "fifo_topic": false,
            "firehose_failure_feedback_role_arn": "",
            "firehose_success_feedback_role_arn": "",
            "firehose_success_feedback_sample_rate": 0,
            "http_failure_feedback_role_arn": "",
            "http_success_feedback_role_arn": "",
            "http_success_feedback_sample_rate": 0,
            "id": "arn:aws:sns:sa-east-1:000000000000:sns-receive-env-dev",
            "kms_master_key_id": "arn:aws:kms:sa-east-1:000000000000:key/f20be437-fc47-442d-8afe-c8951e1ff96e",
            "lambda_failure_feedback_role_arn": "",
            "lambda_success_feedback_role_arn": "",
            "lambda_success_feedback_sample_rate": 0,
            "name": "sns-receive-env-dev",
            "name_prefix": "",
            "owner": "000000000000",
            "policy": "{\"Statement\":[{\"Action\":[\"SNS:Subscribe\",\"SNS:Receive\"],\"Condition\":{\"StringLike\":{\"SNS:Endpoint\":[\"arn:aws:sqs:sa-east-1:000000000000:sqs-errors-env-dev\",\"arn:aws:sqs:sa-east-1:000000000000:sqs-alerts-env-dev\"]}},\"Effect\":\"Allow\",\"Principal\":{\"AWS\":\"*\"},\"Resource\":\"arn:aws:sns:sa-east-1:000000000000:sns-receive-env-dev\",\"Sid\":\"sid-101\"}],\"Version\":\"2012-10-17\"}",
            "signature_version": 0,
            "sqs_failure_feedback_role_arn": "",
            "sqs_success_feedback_role_arn": "",
            "sqs_success_feedback_sample_rate": 0,
            "tags": {},
            "tags_all": {},
            "tracing_config": ""
          },
          "sensitive_attributes": [],
          "private": "bnVsbA==",
          "dependencies": [
            "aws_kms_key.kms_key",
            "data.aws_caller_identity.current",
            "data.aws_iam_policy_document.sns-topic-policy"
          ]
        }
      ]
    },
    {
      "mode": "managed",
      "type": "aws_sns_topic_subscription",
      "name": "sqs_sub",
      "provider": "provider[\"registry.terraform.io/hashicorp/aws\"]",
      "instances": [
        {
          "schema_version": 0,
          "attributes": {
            "arn": "arn:aws:sns:sa-east-1:000000000000:sns-receive-env-dev:1c69c09f-2d52-4d8b-add8-c8eb7d54b8e7",
            "confirmation_timeout_in_minutes": 1,
            "confirmation_was_authenticated": true,
            "delivery_policy": "",
            "endpoint": "arn:aws:sqs:sa-east-1:000000000000:sqs-alerts-env-dev",
            "endpoint_auto_confirms": false,
            "filter_policy": "{\n  \"tipo\": [\"alerta\"]\n}\n",
            "filter_policy_scope": "MessageAttributes",
            "id": "arn:aws:sns:sa-east-1:000000000000:sns-receive-env-dev:1c69c09f-2d52-4d8b-add8-c8eb7d54b8e7",
            "owner_id": "000000000000",
            "pending_confirmation": false,
            "protocol": "sqs",
            "raw_message_delivery": true,
            "redrive_policy": "",
            "replay_policy": "",
            "subscription_role_arn": "",
            "topic_arn": "arn:aws:sns:sa-east-1:000000000000:sns-receive-env-dev"
          },
          "sensitive_attributes": [],
          "private": "bnVsbA==",
          "dependencies": [
            "aws_kms_key.kms_key",
            "aws_sns_topic.sns_topic",
            "aws_sqs_queue.sqs_alerts_dlq",
            "aws_sqs_queue.sqs_queue",
            "data.aws_caller_identity.current",
            "data.aws_iam_policy_document.sns-topic-policy",
            "data.aws_iam_policy_document.sqs-alerts-policy"
          ]
        }
      ]
    },
    {
      "mode": "managed",
      "type": "aws_sns_topic_subscription",
      "name": "sqs_sub_error",
      "provider": "provider[\"registry.terraform.io/hashicorp/aws\"]",
      "instances": [
        {
          "schema_version": 0,
          "attributes": {
            "arn": "arn:aws:sns:sa-east-1:000000000000:sns-receive-env-dev:d09fd976-3eff-4628-bd24-736bb91c20e1",
            "confirmation_timeout_in_minutes": 1,
            "confirmation_was_authenticated": true,
            "delivery_policy": "",
            "endpoint": "arn:aws:sqs:sa-east-1:000000000000:sqs-errors-env-dev",
            "endpoint_auto_confirms": false,
            "filter_policy": "{\n  \"tipo\": [\"erro\"]\n}\n",
            "filter_policy_scope": "MessageAttributes",
            "id": "arn:aws:sns:sa-east-1:000000000000:sns-receive-env-dev:d09fd976-3eff-4628-bd24-736bb91c20e1",
            "owner_id": "000000000000",
            "pending_confirmation": false,
            "protocol": "sqs",
            "raw_message_delivery": true,
            "redrive_policy": "",
            "replay_policy": "",
            "subscription_role_arn": "",
            "topic_arn": "arn:aws:sns:sa-east-1:000000000000:sns-receive-env-dev"
          },
          "sensitive_attributes": [],
          "private": "bnVsbA==",
          "dependencies": [
            "aws_kms_key.kms_key",
            "aws_sns_topic.sns_topic",
            "aws_sqs_queue.sqs_errors_dlq",
            "aws_sqs_queue.sqs_queue_error",
            "data.aws_caller_identity.current",
            "data.aws_iam_policy_document.sns-topic-policy",
            "data.aws_iam_policy_document.sqs-errors-policy"
          ]
        }
      ]
    },
    {
      "mode": "managed",
      "type": "aws_sqs_queue",
      "name": "sqs_alerts_dlq",
      "provider": "provider[\"registry.terraform.io/hashicorp/aws\"]",
      "instances": [
        {
          "schema_version": 0,
          "attributes": {
            "arn": "arn:aws:sqs:sa-east-1:000000000000:sqs-alerts-env-dev-dlq",
            "content_based_deduplication": false,
            "deduplication_scope": "",
            "delay_seconds": 0,
            "fifo_queue": false,
            "fifo_throughput_limit": "",
            "id": "http://sqs.sa-east-1.localhost.localstack.cloud:4566/000000000000/sqs-alerts-env-dev-dlq",
            "kms_data_key_reuse_period_seconds": 300,
            "kms_master_key_id": "",
            "max_message_size": 262144,
            "message_retention_seconds": 345600,
            "name": "sqs-alerts-env-dev-dlq",
            "name_prefix": "",
            "policy": "",
            "receive_wait_time_seconds": 0,
            "redrive_allow_policy": "",
            "redrive_policy": "",
            "sqs_managed_sse_enabled": true,
            "tags": null,
            "tags_all": {},
            "url": "http://sqs.sa-east-1.localhost.localstack.cloud:4566/000000000000/sqs-alerts-env-dev-dlq",
            "visibility_timeout_seconds": 30
          },
          "sensitive_attributes": [],
          "private": "bnVsbA=="
        }
      ]
    },
    {
      "mode": "managed",
      "type": "aws_sqs_queue",
      "name": "sqs_errors_dlq",
      "provider": "provider[\"registry.terraform.io/hashicorp/aws\"]",
      "instances": [
        {
          "schema_version": 0,
          "attributes": {
            "arn": "arn:aws:sqs:sa-east-1:000000000000:sqs-errors-env-dev-dlq",
            "content_based_deduplication": false,
            "deduplication_scope": "",
            "delay_seconds": 0,
            "fifo_queue": false,
            "fifo_throughput_limit": "",
            "id": "http://sqs.sa-east-1.localhost.localstack.cloud:4566/000000000000/sqs-errors-env-dev-dlq",
            "kms_data_key_reuse_period_seconds": 300,
            "kms_master_key_id": "",
            "max_message_size": 262144,
            "message_retention_seconds": 345600,
            "name": "sqs-errors-env-dev-dlq",
            "name_prefix": "",
            "policy": "",
            "receive_wait_time_seconds": 0,
            "redrive_allow_policy": "",
            "redrive_policy": "",
            "sqs_managed_sse_enabled": true,
            "tags": null,
            "tags_all": {},
            "url": "http://sqs.sa-east-1.localhost.localstack.cloud:4566/000000000000/sqs-errors-env-dev-dlq",
            "visibility_timeout_seconds": 30
          },
          "sensitive_attributes": [],
          "private": "bnVsbA=="
        }
      ]
    },
    {
      "mode": "managed",
      "type": "aws_sqs_queue",
      "name": "sqs_queue",
      "provider": "provider[\"registry.terraform.io/hashicorp/aws\"]",
      "instances": [
        {
          "schema_version": 0,
          "attributes": {
            "arn": "arn:aws:sqs:sa-east-1:000000000000:sqs-alerts-env-dev",
            "content_based_deduplication": false,
            "deduplication_scope": "",
            "delay_seconds": 0,
            "fifo_queue": false,
            "fifo_throughput_limit": "",
            "id": "http://sqs.sa-east-1.localhost.localstack.cloud:4566/000000000000/sqs-alerts-env-dev",
            "kms_data_key_reuse_period_seconds": 300,
            "kms_master_key_id": "arn:aws:kms:sa-east-1:000000000000:key/f20be437-fc47-442d-8afe-c8951e1ff96e",
            "max_message_size": 262144,
            "message_retention_seconds": 345600,
            "name": "sqs-alerts-env-dev",
            "name_prefix": "",
            "policy": "{\"Id\":\"arn:aws:sqs:sa-east-1:000000000000:sqs-alerts-env-dev/SQSDefaultPolicy\",\"Statement\":[{\"Action\":\"SQS:SendMessage\",\"Condition\":{\"ArnEquals\":{\"aws:SourceArn\":\"arn:aws:sns:sa-east-1:000000000000:sns-receive-env-dev\"}},\"Effect\":\"Allow\",\"Principal\":{\"AWS\":\"*\"},\"Resource\":\"arn:aws:sqs:sa-east-1:000000000000:sqs-alerts-env-dev\",\"Sid\":\"example-sns-topic\"}],\"Version\":\"2012-10-17\"}",
            "receive_wait_time_seconds": 0,
            "redrive_allow_policy": "",
            "redrive_policy": "{\"deadLetterTargetArn\":\"arn:aws:sqs:sa-east-1:000000000000:sqs-alerts-env-dev-dlq\",\"maxReceiveCount\":5}",
            "sqs_managed_sse_enabled": true,
            "tags": {},
            "tags_all": {},
            "url": "http://sqs.sa-east-1.localhost.localstack.cloud:4566/000000000000/sqs-alerts-env-dev",
            "visibility_timeout_seconds": 30
          },
          "sensitive_attributes": [],
          "private": "bnVsbA==",
          "dependencies": [
            "aws_kms_key.kms_key",
            "aws_sqs_queue.sqs_alerts_dlq",
            "data.aws_caller_identity.current",
            "data.aws_iam_policy_document.sqs-alerts-policy"
          ]
        }
      ]
    },
    {
      "mode": "managed",
      "type": "aws_sqs_queue",
      "name": "sqs_queue_error",
      "provider": "provider[\"registry.terraform.io/hashicorp/aws\"]",
      "instances": [
        {
          "schema_version": 0,
          "attributes": {
            "arn": "arn:aws:sqs:sa-east-1:000000000000:sqs-errors-env-dev",
            "content_based_deduplication": false,
            "deduplication_scope": "",
            "delay_seconds": 0,
            "fifo_queue": false,
            "fifo_throughput_limit": "",
            "id": "http://sqs.sa-east-1.localhost.localstack.cloud:4566/000000000000/sqs-errors-env-dev",
            "kms_data_key_reuse_period_seconds": 300,
            "kms_master_key_id": "arn:aws:kms:sa-east-1:000000000000:key/f20be437-fc47-442d-8afe-c8951e1ff96e",
            "max_message_size": 262144,
            "message_retention_seconds": 345600,
            "name": "sqs-errors-env-dev",
            "name_prefix": "",
            "policy": "{\"Id\":\"arn:aws:sqs:sa-east-1:000000000000:sqs-errors-env-dev/SQSDefaultPolicy\",\"Statement\":[{\"Action\":\"SQS:SendMessage\",\"Condition\":{\"ArnEquals\":{\"aws:SourceArn\":\"arn:aws:sns:sa-east-1:000000000000:sns-receive-env-dev\"}},\"Effect\":\"Allow\",\"Principal\":{\"AWS\":\"*\"},\"Resource\":\"arn:aws:sqs:sa-east-1:000000000000:sqs-errors-env-dev\",\"Sid\":\"example-sns-topic\"}],\"Version\":\"2012-10-17\"}",
            "receive_wait_time_seconds": 0,
            "redrive_allow_policy": "",
            "redrive_policy": "{\"deadLetterTargetArn\":\"arn:aws:sqs:sa-east-1:000000000000:sqs-errors-env-dev-dlq\",\"maxReceiveCount\":5}",
            "sqs_managed_sse_enabled": true,
            "tags": {},
            "tags_all": {},
            "url": "http://sqs.sa-east-1.localhost.localstack.cloud:4566/000000000000/sqs-errors-env-dev",
            "visibility_timeout_seconds": 30
          },
          "sensitive_attributes": [],
          "private": "bnVsbA==",
          "dependencies": [
            "aws_kms_key.kms_key",
            "aws_sqs_queue.sqs_errors_dlq",
            "data.aws_caller_identity.current",
            "data.aws_iam_policy_document.sqs-errors-policy"
          ]
        }
      ]
    }
  ],
  "check_results": null
}
